{
  "name": "valentines2025",
  "version": "1.0.0",
  "lockfileVersion": 3,
  "requires": true,
  "packages": {
    "": {
      "name": "valentines2025",
      "version": "1.0.0",
      "license": "ISC",
      "dependencies": {
        "valentines2025": "file:"
      }
    },
    "node_modules/valentines2025": {
      "resolved": "",
      "link": true
    }
  }
}
